{
  "requires": true,
  "lockfileVersion": 1,
  "dependencies": {
    "jweixin-module": {
      "version": "1.4.1",
      "resolved": "https://registry.npm.taobao.org/jweixin-module/download/jweixin-module-1.4.1.tgz",
      "integrity": "sha1-H8j6QmIiQ/bDVlHScs1Yfev1bNE="
    },
    "uview-ui": {
      "version": "1.8.4",
      "resolved": "https://registry.npm.taobao.org/uview-ui/download/uview-ui-1.8.4.tgz",
      "integrity": "sha1-4yu/I3lCHTGQIuMk4ct7U4fTvUQ="
    }
  }
}
